
Microsoft Visual Studio Solution File, Format Version 12.00
# Visual Studio Version 17
VisualStudioVersion = 17.7.34031.279
MinimumVisualStudioVersion = 10.0.40219.1
Project("{9A19103F-16F7-4668-BE54-9A1E7A4F7556}") = "mid-1", "mid-1.csproj", "{F83A5D74-79A6-4487-8454-60C3BC27802B}"
EndProject
Global
	GlobalSection(SolutionConfigurationPlatforms) = preSolution
		Debug|Any CPU = Debug|Any CPU
		Release|Any CPU = Release|Any CPU
	EndGlobalSection
	GlobalSection(ProjectConfigurationPlatforms) = postSolution
		{F83A5D74-79A6-4487-8454-60C3BC27802B}.Debug|Any CPU.ActiveCfg = Debug|Any CPU
		{F83A5D74-79A6-4487-8454-60C3BC27802B}.Debug|Any CPU.Build.0 = Debug|Any CPU
		{F83A5D74-79A6-4487-8454-60C3BC27802B}.Release|Any CPU.ActiveCfg = Release|Any CPU
		{F83A5D74-79A6-4487-8454-60C3BC27802B}.Release|Any CPU.Build.0 = Release|Any CPU
	EndGlobalSection
	GlobalSection(SolutionProperties) = preSolution
		HideSolutionNode = FALSE
	EndGlobalSection
	GlobalSection(ExtensibilityGlobals) = postSolution
		SolutionGuid = {C32479E6-397E-4033-BA24-872D89B86EAC}
	EndGlobalSection
EndGlobal
